// !$*UTF8*$!
{
	archiveVersion = 1;
	classes = {
	};
	objectVersion = 50;
	objects = {

/* Begin PBXBuildFile section */
		B9B77BED21118FC700C6880F /* AppDelegate.swift in Sources */ = {isa = PBXBuildFile; fileRef = B9B77BEC21118FC700C6880F /* AppDelegate.swift */; };
		B9B77BEF21118FC700C6880F /* ViewController.swift in Sources */ = {isa = PBXBuildFile; fileRef = B9B77BEE21118FC700C6880F /* ViewController.swift */; };
		B9B77BF221118FC700C6880F /* Main.storyboard in Resources */ = {isa = PBXBuildFile; fileRef = B9B77BF021118FC700C6880F /* Main.storyboard */; };
		B9B77BF421118FC900C6880F /* Assets.xcassets in Resources */ = {isa = PBXBuildFile; fileRef = B9B77BF321118FC900C6880F /* Assets.xcassets */; };
		B9B77BF721118FC900C6880F /* LaunchScreen.storyboard in Resources */ = {isa = PBXBuildFile; fileRef = B9B77BF521118FC900C6880F /* LaunchScreen.storyboard */; };
		B9BF716021143152002366BB /* AboutViewController.swift in Sources */ = {isa = PBXBuildFile; fileRef = B9BF715F21143152002366BB /* AboutViewController.swift */; };
/* End PBXBuildFile section */

/* Begin PBXContainerItemProxy section */
		B9B77BFE21118FC900C6880F /* PBXContainerItemProxy */ = {
			isa = PBXContainerItemProxy;
			containerPortal = B9B77BE121118FC700C6880F /* Project object */;
			proxyType = 1;
			remoteGlobalIDString = B9B77BE821118FC700C6880F;
			remoteInfo = showAlert;
		};
		B9B77C0921118FC900C6880F /* PBXContainerItemProxy */ = {
			isa = PBXContainerItemProxy;
			containerPortal = B9B77BE121118FC700C6880F /* Project object */;
			proxyType = 1;
			remoteGlobalIDString = B9B77BE821118FC700C6880F;
			remoteInfo = showAlert;
		};
/* End PBXContainerItemProxy section */

/* Begin PBXFileReference section */
		B9B77BE921118FC700C6880F /* showAlert.app */ = {isa = PBXFileReference; explicitFileType = wrapper.application; includeInIndex = 0; path = showAlert.app; sourceTree = BUILT_PRODUCTS_DIR; };
		B9B77BEC21118FC700C6880F /* AppDelegate.swift */ = {isa = PBXFileReference; lastKnownFileType = sourcecode.swift; path = AppDelegate.swift; sourceTree = "<group>"; };
		B9B77BEE21118FC700C6880F /* ViewController.swift */ = {isa = PBXFileReference; lastKnownFileType = sourcecode.swift; path = ViewController.swift; sourceTree = "<group>"; };
		B9B77BF121118FC700C6880F /* Base */ = {isa = PBXFileReference; lastKnownFileType = file.storyboard; name = Base; path = Base.lproj/Main.storyboard; sourceTree = "<group>"; };
		B9B77BF321118FC900C6880F /* Assets.xcassets */ = {isa = PBXFileReference; lastKnownFileType = folder.assetcatalog; path = Assets.xcassets; sourceTree = "<group>"; };
		B9B77BF621118FC900C6880F /* Base */ = {isa = PBXFileReference; lastKnownFileType = file.storyboard; name = Base; path = Base.lproj/LaunchScreen.storyboard; sourceTree = "<group>"; };
		B9B77BF821118FC900C6880F /* Info.plist */ = {isa = PBXFileReference; lastKnownFileType = text.plist.xml; path = Info.plist; sourceTree = "<group>"; };
		B9B77BFD21118FC900C6880F /* showAlertTests.xctest */ = {isa = PBXFileReference; explicitFileType = wrapper.cfbundle; includeInIndex = 0; path = showAlertTests.xctest; sourceTree = BUILT_PRODUCTS_DIR; };
		B9B77C0821118FC900C6880F /* showAlertUITests.xctest */ = {isa = PBXFileReference; explicitFileType = wrapper.cfbundle; includeInIndex = 0; path = showAlertUITests.xctest; sourceTree = BUILT_PRODUCTS_DIR; };
		B9BF715F21143152002366BB /* AboutViewController.swift */ = {isa = PBXFileReference; lastKnownFileType = sourcecode.swift; path = AboutViewController.swift; sourceTree = "<group>"; };
/* End PBXFileReference section */

/* Begin PBXFrameworksBuildPhase section */
		B9B77BE621118FC700C6880F /* Frameworks */ = {
			isa = PBXFrameworksBuildPhase;
			buildActionMask = 2147483647;
			files = (
			);
			runOnlyForDeploymentPostprocessing = 0;
		};
		B9B77BFA21118FC900C6880F /* Frameworks */ = {
			isa = PBXFrameworksBuildPhase;
			buildActionMask = 2147483647;
			files = (
			);
			runOnlyForDeploymentPostprocessing = 0;
		};
		B9B77C0521118FC900C6880F /* Frameworks */ = {
			isa = PBXFrameworksBuildPhase;
			buildActionMask = 2147483647;
			files = (
			);
			runOnlyForDeploymentPostprocessing = 0;
		};
/* End PBXFrameworksBuildPhase section */

/* Begin PBXGroup section */
		B9B77BE021118FC700C6880F = {
			isa = PBXGroup;
			children = (
				B9B77BEB21118FC700C6880F /* showAlert */,
				B9B77BEA21118FC700C6880F /* Products */,
			);
			sourceTree = "<group>";
		};
		B9B77BEA21118FC700C6880F /* Products */ = {
			isa = PBXGroup;
			children = (
				B9B77BE921118FC700C6880F /* showAlert.app */,
				B9B77BFD21118FC900C6880F /* showAlertTests.xctest */,
				B9B77C0821118FC900C6880F /* showAlertUITests.xctest */,
			);
			name = Products;
			sourceTree = "<group>";
		};
		B9B77BEB21118FC700C6880F /* showAlert */ = {
			isa = PBXGroup;
			children = (
				B9B77BEC21118FC700C6880F /* AppDelegate.swift */,
				B9B77BEE21118FC700C6880F /* ViewController.swift */,
				B9BF715F21143152002366BB /* AboutViewController.swift */,
				B9B77BF021118FC700C6880F /* Main.storyboard */,
				B9B77BF321118FC900C6880F /* Assets.xcassets */,
				B9B77BF521118FC900C6880F /* LaunchScreen.storyboard */,
				B9B77BF821118FC900C6880F /* Info.plist */,
			);
			path = showAlert;
			sourceTree = "<group>";
		};
/* End PBXGroup section */

/* Begin PBXNativeTarget section */
		B9B77BE821118FC700C6880F /* showAlert */ = {
			isa = PBXNativeTarget;
			buildConfigurationList = B9B77C1121118FC900C6880F /* Build configuration list for PBXNativeTarget "showAlert" */;
			buildPhases = (
				B9B77BE521118FC700C6880F /* Sources */,
				B9B77BE621118FC700C6880F /* Frameworks */,
				B9B77BE721118FC700C6880F /* Resources */,
			);
			buildRules = (
			);
			dependencies = (
			);
			name = showAlert;
			productName = showAlert;
			productReference = B9B77BE921118FC700C6880F /* showAlert.app */;
			productType = "com.apple.product-type.application";
		};
		B9B77BFC21118FC900C6880F /* showAlertTests */ = {
			isa = PBXNativeTarget;
			buildConfigurationList = B9B77C1421118FC900C6880F /* Build configuration list for PBXNativeTarget "showAlertTests" */;
			buildPhases = (
				B9B77BF921118FC900C6880F /* Sources */,
				B9B77BFA21118FC900C6880F /* Frameworks */,
				B9B77BFB21118FC900C6880F /* Resources */,
			);
			buildRules = (
			);
			dependencies = (
				B9B77BFF21118FC900C6880F /* PBXTargetDependency */,
			);
			name = showAlertTests;
			productName = showAlertTests;
			productReference = B9B77BFD21118FC900C6880F /* showAlertTests.xctest */;
			productType = "com.apple.product-type.bundle.unit-test";
		};
		B9B77C0721118FC900C6880F /* showAlertUITests */ = {
			isa = PBXNativeTarget;
			buildConfigurationList = B9B77C1721118FC900C6880F /* Build configuration list for PBXNativeTarget "showAlertUITests" */;
			buildPhases = (
				B9B77C0421118FC900C6880F /* Sources */,
				B9B77C0521118FC900C6880F /* Frameworks */,
				B9B77C0621118FC900C6880F /* Resources */,
			);
			buildRules = (
			);
			dependencies = (
				B9B77C0A21118FC900C6880F /* PBXTargetDependency */,
			);
			name = showAlertUITests;
			productName = showAlertUITests;
			productReference = B9B77C0821118FC900C6880F /* showAlertUITests.xctest */;
			productType = "com.apple.product-type.bundle.ui-testing";
		};
/* End PBXNativeTarget section */

/* Begin PBXProject section */
		B9B77BE121118FC700C6880F /* Project object */ = {
			isa = PBXProject;
			attributes = {
				LastSwiftUpdateCheck = 1000;
				LastUpgradeCheck = 1000;
				ORGANIZATIONNAME = MacOSBeta;
				TargetAttributes = {
					B9B77BE821118FC700C6880F = {
						CreatedOnToolsVersion = 10.0;
					};
					B9B77BFC21118FC900C6880F = {
						CreatedOnToolsVersion = 10.0;
						TestTargetID = B9B77BE821118FC700C6880F;
					};
					B9B77C0721118FC900C6880F = {
						CreatedOnToolsVersion = 10.0;
						TestTargetID = B9B77BE821118FC700C6880F;
					};
				};
			};
			buildConfigurationList = B9B77BE421118FC700C6880F /* Build configuration list for PBXProject "showAlert" */;
			compatibilityVersion = "Xcode 9.3";
			developmentRegion = en;
			hasScannedForEncodings = 0;
			knownRegions = (
				en,
				Base,
			);
			mainGroup = B9B77BE021118FC700C6880F;
			productRefGroup = B9B77BEA21118FC700C6880F /* Products */;
			projectDirPath = "";
			projectRoot = "";
			targets = (
				B9B77BE821118FC700C6880F /* showAlert */,
				B9B77BFC21118FC900C6880F /* showAlertTests */,
				B9B77C0721118FC900C6880F /* showAlertUITests */,
			);
		};
/* End PBXProject section */

/* Begin PBXResourcesBuildPhase section */
		B9B77BE721118FC700C6880F /* Resources */ = {
			isa = PBXResourcesBuildPhase;
			buildActionMask = 2147483647;
			files = (
				B9B77BF721118FC900C6880F /* LaunchScreen.storyboard in Resources */,
				B9B77BF421118FC900C6880F /* Assets.xcassets in Resources */,
				B9B77BF221118FC700C6880F /* Main.storyboard in Resources */,
			);
			runOnlyForDeploymentPostprocessing = 0;
		};
		B9B77BFB21118FC900C6880F /* Resources */ = {
			isa = PBXResourcesBuildPhase;
			buildActionMask = 2147483647;
			files = (
			);
			runOnlyForDeploymentPostprocessing = 0;
		};
		B9B77C0621118FC900C6880F /* Resources */ = {
			isa = PBXResourcesBuildPhase;
			buildActionMask = 2147483647;
			files = (
			);
			runOnlyForDeploymentPostprocessing = 0;
		};
/* End PBXResourcesBuildPhase section */

/* Begin PBXSourcesBuildPhase section */
		B9B77BE521118FC700C6880F /* Sources */ = {
			isa = PBXSourcesBuildPhase;
			buildActionMask = 2147483647;
			files = (
				B9B77BEF21118FC700C6880F /* ViewController.swift in Sources */,
				B9B77BED21118FC700C6880F /* AppDelegate.swift in Sources */,
				B9BF716021143152002366BB /* AboutViewController.swift in Sources */,
			);
			runOnlyForDeploymentPostprocessing = 0;
		};
		B9B77BF921118FC900C6880F /* Sources */ = {
			isa = PBXSourcesBuildPhase;
			buildActionMask = 2147483647;
			files = (
			);
			runOnlyForDeploymentPostprocessing = 0;
		};
		B9B77C0421118FC900C6880F /* Sources */ = {
			isa = PBXSourcesBuildPhase;
			buildActionMask = 2147483647;
			files = (
			);
			runOnlyForDeploymentPostprocessing = 0;
		};
/* End PBXSourcesBuildPhase section */

/* Begin PBXTargetDependency section */
		B9B77BFF21118FC900C6880F /* PBXTargetDependency */ = {
			isa = PBXTargetDependency;
			target = B9B77BE821118FC700C6880F /* showAlert */;
			targetProxy = B9B77BFE21118FC900C6880F /* PBXContainerItemProxy */;
		};
		B9B77C0A21118FC900C6880F /* PBXTargetDependency */ = {
			isa = PBXTargetDependency;
			target = B9B77BE821118FC700C6880F /* showAlert */;
			targetProxy = B9B77C0921118FC900C6880F /* PBXContainerItemProxy */;
		};
/* End PBXTargetDependency section */

/* Begin PBXVariantGroup section */
		B9B77BF021118FC700C6880F /* Main.storyboard */ = {
			isa = PBXVariantGroup;
			children = (
				B9B77BF121118FC700C6880F /* Base */,
			);
			name = Main.storyboard;
			sourceTree = "<group>";
		};
		B9B77BF521118FC900C6880F /* LaunchScreen.storyboard */ = {
			isa = PBXVariantGroup;
			children = (
				B9B77BF621118FC900C6880F /* Base */,
			);
			name = LaunchScreen.storyboard;
			sourceTree = "<group>";
		};
/* End PBXVariantGroup section */

/* Begin XCBuildConfiguration section */
		B9B77C0F21118FC900C6880F /* Debug */ = {
			isa = XCBuildConfiguration;
			buildSettings = {
				ALWAYS_SEARCH_USER_PATHS = NO;
				CLANG_ANALYZER_NONNULL = YES;
				CLANG_ANALYZER_NUMBER_OBJECT_CONVERSION = YES_AGGRESSIVE;
				CLANG_CXX_LANGUAGE_STANDARD = "gnu++14";
				CLANG_CXX_LIBRARY = "libc++";
				CLANG_ENABLE_MODULES = YES;
				CLANG_ENABLE_OBJC_ARC = YES;
				CLANG_ENABLE_OBJC_WEAK = YES;
				CLANG_WARN_BLOCK_CAPTURE_AUTORELEASING = YES;
				CLANG_WARN_BOOL_CONVERSION = YES;
				CLANG_WARN_COMMA = YES;
				CLANG_WARN_CONSTANT_CONVERSION = YES;
				CLANG_WARN_DEPRECATED_OBJC_IMPLEMENTATIONS = YES;
				CLANG_WARN_DIRECT_OBJC_ISA_USAGE = YES_ERROR;
				CLANG_WARN_DOCUMENTATION_COMMENTS = YES;
				CLANG_WARN_EMPTY_BODY = YES;
				CLANG_WARN_ENUM_CONVERSION = YES;
				CLANG_WARN_INFINITE_RECURSION = YES;
				CLANG_WARN_INT_CONVERSION = YES;
				CLANG_WARN_NON_LITERAL_NULL_CONVERSION = YES;
				CLANG_WARN_OBJC_IMPLICIT_RETAIN_SELF = YES;
				CLANG_WARN_OBJC_LITERAL_CONVERSION = YES;
				CLANG_WARN_OBJC_ROOT_CLASS = YES_ERROR;
				CLANG_WARN_RANGE_LOOP_ANALYSIS = YES;
				CLANG_WARN_STRICT_PROTOTYPES = YES;
				CLANG_WARN_SUSPICIOUS_MOVE = YES;
				CLANG_WARN_UNGUARDED_AVAILABILITY = YES_AGGRESSIVE;
				CLANG_WARN_UNREACHABLE_CODE = YES;
				CLANG_WARN__DUPLICATE_METHOD_MATCH = YES;
				CODE_SIGN_IDENTITY = "iPhone Developer";
				COPY_PHASE_STRIP = NO;
				DEBUG_INFORMATION_FORMAT = dwarf;
				ENABLE_STRICT_OBJC_MSGSEND = YES;
				ENABLE_TESTABILITY = YES;
				GCC_C_LANGUAGE_STANDARD = gnu11;
				GCC_DYNAMIC_NO_PIC = NO;
				GCC_NO_COMMON_BLOCKS = YES;
				GCC_OPTIMIZATION_LEVEL = 0;
				GCC_PREPROCESSOR_DEFINITIONS = (
					"DEBUG=1",
					"$(inherited)",
				);
				GCC_WARN_64_TO_32_BIT_CONVERSION = YES;
				GCC_WARN_ABOUT_RETURN_TYPE = YES_ERROR;
				GCC_WARN_UNDECLARED_SELECTOR = YES;
				GCC_WARN_UNINITIALIZED_AUTOS = YES_AGGRESSIVE;
				GCC_WARN_UNUSED_FUNCTION = YES;
				GCC_WARN_UNUSED_VARIABLE = YES;
				IPHONEOS_DEPLOYMENT_TARGET = 12.0;
				MTL_ENABLE_DEBUG_INFO = INCLUDE_SOURCE;
				MTL_FAST_MATH = YES;
				ONLY_ACTIVE_ARCH = YES;
				SDKROOT = iphoneos;
				SWIFT_ACTIVE_COMPILATION_CONDITIONS = DEBUG;
				SWIFT_OPTIMIZATION_LEVEL = "-Onone";
			};
			name = Debug;
		};
		B9B77C1021118FC900C6880F /* Release */ = {
			isa = XCBuildConfiguration;
			buildSettings = {
				ALWAYS_SEARCH_USER_PATHS = NO;
				CLANG_ANALYZER_NONNULL = YES;
				CLANG_ANALYZER_NUMBER_OBJECT_CONVERSION = YES_AGGRESSIVE;
				CLANG_CXX_LANGUAGE_STANDARD = "gnu++14";
				CLANG_CXX_LIBRARY = "libc++";
				CLANG_ENABLE_MODULES = YES;
				CLANG_ENABLE_OBJC_ARC = YES;
				CLANG_ENABLE_OBJC_WEAK = YES;
				CLANG_WARN_BLOCK_CAPTURE_AUTORELEASING = YES;
				CLANG_WARN_BOOL_CONVERSION = YES;
				CLANG_WARN_COMMA = YES;
				CLANG_WARN_CONSTANT_CONVERSION = YES;
				CLANG_WARN_DEPRECATED_OBJC_IMPLEMENTATIONS = YES;
				CLANG_WARN_DIRECT_OBJC_ISA_USAGE = YES_ERROR;
				CLANG_WARN_DOCUMENTATION_COMMENTS = YES;
				CLANG_WARN_EMPTY_BODY = YES;
				CLANG_WARN_ENUM_CONVERSION = YES;
				CLANG_WARN_INFINITE_RECURSION = YES;
				CLANG_WARN_INT_CONVERSION = YES;
				CLANG_WARN_NON_LITERAL_NULL_CONVERSION = YES;
				CLANG_WARN_OBJC_IMPLICIT_RETAIN_SELF = YES;
				CLANG_WARN_OBJC_LITERAL_CONVERSION = YES;
				CLANG_WARN_OBJC_ROOT_CLASS = YES_ERROR;
				CLANG_WARN_RANGE_LOOP_ANALYSIS = YES;
				CLANG_WARN_STRICT_PROTOTYPES = YES;
				CLANG_WARN_SUSPICIOUS_MOVE = YES;
				CLANG_WARN_UNGUARDED_AVAILABILITY = YES_AGGRESSIVE;
				CLANG_WARN_UNREACHABLE_CODE = YES;
				CLANG_WARN__DUPLICATE_METHOD_MATCH = YES;
				CODE_SIGN_IDENTITY = "iPhone Developer";
				COPY_PHASE_STRIP = NO;
				DEBUG_INFORMATION_FORMAT = "dwarf-with-dsym";
				ENABLE_NS_ASSERTIONS = NO;
				ENABLE_STRICT_OBJC_MSGSEND = YES;
				GCC_C_LANGUAGE_STANDARD = gnu11;
				GCC_NO_COMMON_BLOCKS = YES;
				GCC_WARN_64_TO_32_BIT_CONVERSION = YES;
				GCC_WARN_ABOUT_RETURN_TYPE = YES_ERROR;
				GCC_WARN_UNDECLARED_SELECTOR = YES;
				GCC_WARN_UNINITIALIZED_AUTOS = YES_AGGRESSIVE;
				GCC_WARN_UNUSED_FUNCTION = YES;
				GCC_WARN_UNUSED_VARIABLE = YES;
				IPHONEOS_DEPLOYMENT_TARGET = 12.0;
				MTL_ENABLE_DEBUG_INFO = NO;
				MTL_FAST_MATH = YES;
				SDKROOT = iphoneos;
				SWIFT_COMPILATION_MODE = wholemodule;
				SWIFT_OPTIMIZATION_LEVEL = "-O";
				VALIDATE_PRODUCT = YES;
			};
			name = Release;
		};
		B9B77C1221118FC900C6880F /* Debug */ = {
			isa = XCBuildConfiguration;
			buildSettings = {
				ASSETCATALOG_COMPILER_APPICON_NAME = AppIcon;
				CODE_SIGN_STYLE = Automatic;
				INFOPLIST_FILE = showAlert/Info.plist;
				LD_RUNPATH_SEARCH_PATHS = (
					"$(inherited)",
					"@executable_path/Frameworks",
				);
				PRODUCT_BUNDLE_IDENTIFIER = com.qun.showAlert;
				PRODUCT_NAME = "$(TARGET_NAME)";
				SWIFT_VERSION = 4.2;
				TARGETED_DEVICE_FAMILY = "1,2";
			};
			name = Debug;
		};
		B9B77C1321118FC900C6880F /* Release */ = {
			isa = XCBuildConfiguration;
			buildSettings = {
				ASSETCATALOG_COMPILER_APPICON_NAME = AppIcon;
				CODE_SIGN_STYLE = Automatic;
				INFOPLIST_FILE = showAlert/Info.plist;
				LD_RUNPATH_SEARCH_PATHS = (
					"$(inherited)",
					"@executable_path/Frameworks",
				);
				PRODUCT_BUNDLE_IDENTIFIER = com.qun.showAlert;
				PRODUCT_NAME = "$(TARGET_NAME)";
				SWIFT_VERSION = 4.2;
				TARGETED_DEVICE_FAMILY = "1,2";
			};
			name = Release;
		};
		B9B77C1521118FC900C6880F /* Debug */ = {
			isa = XCBuildConfiguration;
			buildSettings = {
				ALWAYS_EMBED_SWIFT_STANDARD_LIBRARIES = YES;
				BUNDLE_LOADER = "$(TEST_HOST)";
				CODE_SIGN_STYLE = Automatic;
				INFOPLIST_FILE = showAlertTests/Info.plist;
				LD_RUNPATH_SEARCH_PATHS = (
					"$(inherited)",
					"@executable_path/Frameworks",
					"@loader_path/Frameworks",
				);
				PRODUCT_BUNDLE_IDENTIFIER = com.qun.showAlertTests;
				PRODUCT_NAME = "$(TARGET_NAME)";
				SWIFT_VERSION = 4.2;
				TARGETED_DEVICE_FAMILY = "1,2";
				TEST_HOST = "$(BUILT_PRODUCTS_DIR)/showAlert.app/showAlert";
			};
			name = Debug;
		};
		B9B77C1621118FC900C6880F /* Release */ = {
			isa = XCBuildConfiguration;
			buildSettings = {
				ALWAYS_EMBED_SWIFT_STANDARD_LIBRARIES = YES;
				BUNDLE_LOADER = "$(TEST_HOST)";
				CODE_SIGN_STYLE = Automatic;
				INFOPLIST_FILE = showAlertTests/Info.plist;
				LD_RUNPATH_SEARCH_PATHS = (
					"$(inherited)",
					"@executable_path/Frameworks",
					"@loader_path/Frameworks",
				);
				PRODUCT_BUNDLE_IDENTIFIER = com.qun.showAlertTests;
				PRODUCT_NAME = "$(TARGET_NAME)";
				SWIFT_VERSION = 4.2;
				TARGETED_DEVICE_FAMILY = "1,2";
				TEST_HOST = "$(BUILT_PRODUCTS_DIR)/showAlert.app/showAlert";
			};
			name = Release;
		};
		B9B77C1821118FC900C6880F /* Debug */ = {
			isa = XCBuildConfiguration;
			buildSettings = {
				ALWAYS_EMBED_SWIFT_STANDARD_LIBRARIES = YES;
				CODE_SIGN_STYLE = Automatic;
				INFOPLIST_FILE = showAlertUITests/Info.plist;
				LD_RUNPATH_SEARCH_PATHS = (
					"$(inherited)",
					"@executable_path/Frameworks",
					"@loader_path/Frameworks",
				);
				PRODUCT_BUNDLE_IDENTIFIER = com.qun.showAlertUITests;
				PRODUCT_NAME = "$(TARGET_NAME)";
				SWIFT_VERSION = 4.2;
				TARGETED_DEVICE_FAMILY = "1,2";
				TEST_TARGET_NAME = showAlert;
			};
			name = Debug;
		};
		B9B77C1921118FC900C6880F /* Release */ = {
			isa = XCBuildConfiguration;
			buildSettings = {
				ALWAYS_EMBED_SWIFT_STANDARD_LIBRARIES = YES;
				CODE_SIGN_STYLE = Automatic;
				INFOPLIST_FILE = showAlertUITests/Info.plist;
				LD_RUNPATH_SEARCH_PATHS = (
					"$(inherited)",
					"@executable_path/Frameworks",
					"@loader_path/Frameworks",
				);
				PRODUCT_BUNDLE_IDENTIFIER = com.qun.showAlertUITests;
				PRODUCT_NAME = "$(TARGET_NAME)";
				SWIFT_VERSION = 4.2;
				TARGETED_DEVICE_FAMILY = "1,2";
				TEST_TARGET_NAME = showAlert;
			};
			name = Release;
		};
/* End XCBuildConfiguration section */

/* Begin XCConfigurationList section */
		B9B77BE421118FC700C6880F /* Build configuration list for PBXProject "showAlert" */ = {
			isa = XCConfigurationList;
			buildConfigurations = (
				B9B77C0F21118FC900C6880F /* Debug */,
				B9B77C1021118FC900C6880F /* Release */,
			);
			defaultConfigurationIsVisible = 0;
			defaultConfigurationName = Release;
		};
		B9B77C1121118FC900C6880F /* Build configuration list for PBXNativeTarget "showAlert" */ = {
			isa = XCConfigurationList;
			buildConfigurations = (
				B9B77C1221118FC900C6880F /* Debug */,
				B9B77C1321118FC900C6880F /* Release */,
			);
			defaultConfigurationIsVisible = 0;
			defaultConfigurationName = Release;
		};
		B9B77C1421118FC900C6880F /* Build configuration list for PBXNativeTarget "showAlertTests" */ = {
			isa = XCConfigurationList;
			buildConfigurations = (
				B9B77C1521118FC900C6880F /* Debug */,
				B9B77C1621118FC900C6880F /* Release */,
			);
			defaultConfigurationIsVisible = 0;
			defaultConfigurationName = Release;
		};
		B9B77C1721118FC900C6880F /* Build configuration list for PBXNativeTarget "showAlertUITests" */ = {
			isa = XCConfigurationList;
			buildConfigurations = (
				B9B77C1821118FC900C6880F /* Debug */,
				B9B77C1921118FC900C6880F /* Release */,
			);
			defaultConfigurationIsVisible = 0;
			defaultConfigurationName = Release;
		};
/* End XCConfigurationList section */
	};
	rootObject = B9B77BE121118FC700C6880F /* Project object */;
}
